{
  "object": {
    "pins": [
      {
        "package": "Nuke",
        "repositoryURL": "https://github.com/kean/Nuke.git",
        "state": {
          "branch": null,
          "revision": "472a03c15f39592007d94f25abe554350bc8aa2b",
          "version": "10.5.1"
        }
      },
      {
        "package": "Unflow",
        "repositoryURL": "https://github.com/unflowhq/unflow-ios-sdk",
        "state": {
          "branch": null,
          "revision": "6fc18a3aaeb5935f230d58c0ca2955c904b740ff",
          "version": "1.1.0"
        }
      }
    ]
  },
  "version": 1
}
