{
  "pins" : [
    {
      "identity" : "unflow-ios-sdk",
      "kind" : "remoteSourceControl",
      "location" : "https://github.com/unflowhq/unflow-ios-sdk",
      "state" : {
        "revision" : "dc4a40449faf9ac6466f44d0f32bd203ff595c72",
        "version" : "1.12.1"
      }
    }
  ],
  "version" : 2
}
