{
  "pins" : [
    {
      "identity" : "unflow-ios-sdk",
      "kind" : "remoteSourceControl",
      "location" : "https://github.com/unflowhq/unflow-ios-sdk",
      "state" : {
        "revision" : "cbeba9f81702780140889abd23f8cd49f59fba0a",
        "version" : "1.9.3"
      }
    }
  ],
  "version" : 2
}
