{
  "pins" : [
    {
      "identity" : "unflow-ios-sdk",
      "kind" : "remoteSourceControl",
      "location" : "https://github.com/unflowhq/unflow-ios-sdk",
      "state" : {
        "revision" : "8b55c72977c82760dc5569c5c621145ce8a4a133",
        "version" : "1.10.0"
      }
    }
  ],
  "version" : 2
}
