// !$*UTF8*$!
{
	archiveVersion = 1;
	classes = {
	};
	objectVersion = 55;
	objects = {

/* Begin PBXBuildFile section */
		63521EB52822969100235A36 /* Unflow in Frameworks */ = {isa = PBXBuildFile; productRef = 63521EB42822969100235A36 /* Unflow */; };
		C729BA132703CA3F00AF6611 /* AppDelegate.swift in Sources */ = {isa = PBXBuildFile; fileRef = C729BA122703CA3F00AF6611 /* AppDelegate.swift */; };
		C729BA152703CA3F00AF6611 /* SceneDelegate.swift in Sources */ = {isa = PBXBuildFile; fileRef = C729BA142703CA3F00AF6611 /* SceneDelegate.swift */; };
		C729BA172703CA3F00AF6611 /* HomeViewController.swift in Sources */ = {isa = PBXBuildFile; fileRef = C729BA162703CA3F00AF6611 /* HomeViewController.swift */; };
		C729BA1A2703CA3F00AF6611 /* Main.storyboard in Resources */ = {isa = PBXBuildFile; fileRef = C729BA182703CA3F00AF6611 /* Main.storyboard */; };
		C729BA1C2703CA4100AF6611 /* Assets.xcassets in Resources */ = {isa = PBXBuildFile; fileRef = C729BA1B2703CA4100AF6611 /* Assets.xcassets */; };
		C729BA1F2703CA4100AF6611 /* LaunchScreen.storyboard in Resources */ = {isa = PBXBuildFile; fileRef = C729BA1D2703CA4100AF6611 /* LaunchScreen.storyboard */; };
		FA74390227F31DB500B904BB /* GridViewController.swift in Sources */ = {isa = PBXBuildFile; fileRef = FA74390127F31DB500B904BB /* GridViewController.swift */; };
		FA74390727F31E4C00B904BB /* OpenerTileCell.xib in Resources */ = {isa = PBXBuildFile; fileRef = FA74390627F31E4C00B904BB /* OpenerTileCell.xib */; };
		FA74390927F31E6500B904BB /* OpenerTileCell.swift in Sources */ = {isa = PBXBuildFile; fileRef = FA74390827F31E6500B904BB /* OpenerTileCell.swift */; };
		FAA2917527F344F3003DE83E /* ImageLoader.swift in Sources */ = {isa = PBXBuildFile; fileRef = FAA2917427F344F3003DE83E /* ImageLoader.swift */; };
		FAA2917727F3471E003DE83E /* LegacyOpenerViewModel.swift in Sources */ = {isa = PBXBuildFile; fileRef = FAA2917627F3471E003DE83E /* LegacyOpenerViewModel.swift */; };
		FAD66E4127F31A79004D62D5 /* OpenerViewModel.swift in Sources */ = {isa = PBXBuildFile; fileRef = FAD66E4027F31A79004D62D5 /* OpenerViewModel.swift */; };
/* End PBXBuildFile section */

/* Begin PBXFileReference section */
		C729BA0F2703CA3F00AF6611 /* Storyboards_SwiftPackageManager.app */ = {isa = PBXFileReference; explicitFileType = wrapper.application; includeInIndex = 0; path = Storyboards_SwiftPackageManager.app; sourceTree = BUILT_PRODUCTS_DIR; };
		C729BA122703CA3F00AF6611 /* AppDelegate.swift */ = {isa = PBXFileReference; lastKnownFileType = sourcecode.swift; path = AppDelegate.swift; sourceTree = "<group>"; };
		C729BA142703CA3F00AF6611 /* SceneDelegate.swift */ = {isa = PBXFileReference; lastKnownFileType = sourcecode.swift; path = SceneDelegate.swift; sourceTree = "<group>"; };
		C729BA162703CA3F00AF6611 /* HomeViewController.swift */ = {isa = PBXFileReference; lastKnownFileType = sourcecode.swift; path = HomeViewController.swift; sourceTree = "<group>"; };
		C729BA192703CA3F00AF6611 /* Base */ = {isa = PBXFileReference; lastKnownFileType = file.storyboard; name = Base; path = Base.lproj/Main.storyboard; sourceTree = "<group>"; };
		C729BA1B2703CA4100AF6611 /* Assets.xcassets */ = {isa = PBXFileReference; lastKnownFileType = folder.assetcatalog; path = Assets.xcassets; sourceTree = "<group>"; };
		C729BA1E2703CA4100AF6611 /* Base */ = {isa = PBXFileReference; lastKnownFileType = file.storyboard; name = Base; path = Base.lproj/LaunchScreen.storyboard; sourceTree = "<group>"; };
		C729BA202703CA4100AF6611 /* Info.plist */ = {isa = PBXFileReference; lastKnownFileType = text.plist.xml; path = Info.plist; sourceTree = "<group>"; };
		FA74390127F31DB500B904BB /* GridViewController.swift */ = {isa = PBXFileReference; lastKnownFileType = sourcecode.swift; path = GridViewController.swift; sourceTree = "<group>"; };
		FA74390627F31E4C00B904BB /* OpenerTileCell.xib */ = {isa = PBXFileReference; lastKnownFileType = file.xib; path = OpenerTileCell.xib; sourceTree = "<group>"; };
		FA74390827F31E6500B904BB /* OpenerTileCell.swift */ = {isa = PBXFileReference; lastKnownFileType = sourcecode.swift; path = OpenerTileCell.swift; sourceTree = "<group>"; };
		FAA2917427F344F3003DE83E /* ImageLoader.swift */ = {isa = PBXFileReference; lastKnownFileType = sourcecode.swift; path = ImageLoader.swift; sourceTree = "<group>"; };
		FAA2917627F3471E003DE83E /* LegacyOpenerViewModel.swift */ = {isa = PBXFileReference; lastKnownFileType = sourcecode.swift; path = LegacyOpenerViewModel.swift; sourceTree = "<group>"; };
		FAD66E4027F31A79004D62D5 /* OpenerViewModel.swift */ = {isa = PBXFileReference; lastKnownFileType = sourcecode.swift; path = OpenerViewModel.swift; sourceTree = "<group>"; };
/* End PBXFileReference section */

/* Begin PBXFrameworksBuildPhase section */
		C729BA0C2703CA3F00AF6611 /* Frameworks */ = {
			isa = PBXFrameworksBuildPhase;
			buildActionMask = 2147483647;
			files = (
				63521EB52822969100235A36 /* Unflow in Frameworks */,
			);
			runOnlyForDeploymentPostprocessing = 0;
		};
/* End PBXFrameworksBuildPhase section */

/* Begin PBXGroup section */
		C729BA062703CA3F00AF6611 = {
			isa = PBXGroup;
			children = (
				C729BA112703CA3F00AF6611 /* Storyboards_SwiftPackageManager */,
				C729BA102703CA3F00AF6611 /* Products */,
			);
			sourceTree = "<group>";
		};
		C729BA102703CA3F00AF6611 /* Products */ = {
			isa = PBXGroup;
			children = (
				C729BA0F2703CA3F00AF6611 /* Storyboards_SwiftPackageManager.app */,
			);
			name = Products;
			sourceTree = "<group>";
		};
		C729BA112703CA3F00AF6611 /* Storyboards_SwiftPackageManager */ = {
			isa = PBXGroup;
			children = (
				FAD66E3E27F31A6C004D62D5 /* Helpers */,
				FAD66E3D27F31A5C004D62D5 /* Screens */,
				C729BA122703CA3F00AF6611 /* AppDelegate.swift */,
				C729BA142703CA3F00AF6611 /* SceneDelegate.swift */,
				C729BA182703CA3F00AF6611 /* Main.storyboard */,
				C729BA1B2703CA4100AF6611 /* Assets.xcassets */,
				C729BA1D2703CA4100AF6611 /* LaunchScreen.storyboard */,
				C729BA202703CA4100AF6611 /* Info.plist */,
			);
			path = Storyboards_SwiftPackageManager;
			sourceTree = "<group>";
		};
		FA74390327F31E3200B904BB /* Home */ = {
			isa = PBXGroup;
			children = (
				C729BA162703CA3F00AF6611 /* HomeViewController.swift */,
			);
			path = Home;
			sourceTree = "<group>";
		};
		FA74390427F31E3500B904BB /* Grid */ = {
			isa = PBXGroup;
			children = (
				FA74390527F31E3F00B904BB /* Cells */,
				FA74390127F31DB500B904BB /* GridViewController.swift */,
			);
			path = Grid;
			sourceTree = "<group>";
		};
		FA74390527F31E3F00B904BB /* Cells */ = {
			isa = PBXGroup;
			children = (
				FA74390627F31E4C00B904BB /* OpenerTileCell.xib */,
				FA74390827F31E6500B904BB /* OpenerTileCell.swift */,
			);
			path = Cells;
			sourceTree = "<group>";
		};
		FAD66E3D27F31A5C004D62D5 /* Screens */ = {
			isa = PBXGroup;
			children = (
				FA74390427F31E3500B904BB /* Grid */,
				FA74390327F31E3200B904BB /* Home */,
				FAD66E3F27F31A72004D62D5 /* ViewModel */,
			);
			path = Screens;
			sourceTree = "<group>";
		};
		FAD66E3E27F31A6C004D62D5 /* Helpers */ = {
			isa = PBXGroup;
			children = (
				FAA2917427F344F3003DE83E /* ImageLoader.swift */,
			);
			path = Helpers;
			sourceTree = "<group>";
		};
		FAD66E3F27F31A72004D62D5 /* ViewModel */ = {
			isa = PBXGroup;
			children = (
				FAD66E4027F31A79004D62D5 /* OpenerViewModel.swift */,
				FAA2917627F3471E003DE83E /* LegacyOpenerViewModel.swift */,
			);
			path = ViewModel;
			sourceTree = "<group>";
		};
/* End PBXGroup section */

/* Begin PBXNativeTarget section */
		C729BA0E2703CA3F00AF6611 /* Storyboards_SwiftPackageManager */ = {
			isa = PBXNativeTarget;
			buildConfigurationList = C729BA232703CA4100AF6611 /* Build configuration list for PBXNativeTarget "Storyboards_SwiftPackageManager" */;
			buildPhases = (
				C729BA0B2703CA3F00AF6611 /* Sources */,
				C729BA0C2703CA3F00AF6611 /* Frameworks */,
				C729BA0D2703CA3F00AF6611 /* Resources */,
			);
			buildRules = (
			);
			dependencies = (
			);
			name = Storyboards_SwiftPackageManager;
			packageProductDependencies = (
				63521EB42822969100235A36 /* Unflow */,
			);
			productName = UIKitAnymoExample;
			productReference = C729BA0F2703CA3F00AF6611 /* Storyboards_SwiftPackageManager.app */;
			productType = "com.apple.product-type.application";
		};
/* End PBXNativeTarget section */

/* Begin PBXProject section */
		C729BA072703CA3F00AF6611 /* Project object */ = {
			isa = PBXProject;
			attributes = {
				BuildIndependentTargetsInParallel = 1;
				LastSwiftUpdateCheck = 1300;
				LastUpgradeCheck = 1300;
				TargetAttributes = {
					C729BA0E2703CA3F00AF6611 = {
						CreatedOnToolsVersion = 13.0;
					};
				};
			};
			buildConfigurationList = C729BA0A2703CA3F00AF6611 /* Build configuration list for PBXProject "Storyboards_SwiftPackageManager" */;
			compatibilityVersion = "Xcode 13.0";
			developmentRegion = en;
			hasScannedForEncodings = 0;
			knownRegions = (
				en,
				Base,
			);
			mainGroup = C729BA062703CA3F00AF6611;
			packageReferences = (
				63521EB32822969100235A36 /* XCRemoteSwiftPackageReference "unflow-ios-sdk" */,
			);
			productRefGroup = C729BA102703CA3F00AF6611 /* Products */;
			projectDirPath = "";
			projectRoot = "";
			targets = (
				C729BA0E2703CA3F00AF6611 /* Storyboards_SwiftPackageManager */,
			);
		};
/* End PBXProject section */

/* Begin PBXResourcesBuildPhase section */
		C729BA0D2703CA3F00AF6611 /* Resources */ = {
			isa = PBXResourcesBuildPhase;
			buildActionMask = 2147483647;
			files = (
				C729BA1F2703CA4100AF6611 /* LaunchScreen.storyboard in Resources */,
				C729BA1C2703CA4100AF6611 /* Assets.xcassets in Resources */,
				FA74390727F31E4C00B904BB /* OpenerTileCell.xib in Resources */,
				C729BA1A2703CA3F00AF6611 /* Main.storyboard in Resources */,
			);
			runOnlyForDeploymentPostprocessing = 0;
		};
/* End PBXResourcesBuildPhase section */

/* Begin PBXSourcesBuildPhase section */
		C729BA0B2703CA3F00AF6611 /* Sources */ = {
			isa = PBXSourcesBuildPhase;
			buildActionMask = 2147483647;
			files = (
				FAA2917727F3471E003DE83E /* LegacyOpenerViewModel.swift in Sources */,
				FAA2917527F344F3003DE83E /* ImageLoader.swift in Sources */,
				FA74390927F31E6500B904BB /* OpenerTileCell.swift in Sources */,
				C729BA172703CA3F00AF6611 /* HomeViewController.swift in Sources */,
				FA74390227F31DB500B904BB /* GridViewController.swift in Sources */,
				FAD66E4127F31A79004D62D5 /* OpenerViewModel.swift in Sources */,
				C729BA132703CA3F00AF6611 /* AppDelegate.swift in Sources */,
				C729BA152703CA3F00AF6611 /* SceneDelegate.swift in Sources */,
			);
			runOnlyForDeploymentPostprocessing = 0;
		};
/* End PBXSourcesBuildPhase section */

/* Begin PBXVariantGroup section */
		C729BA182703CA3F00AF6611 /* Main.storyboard */ = {
			isa = PBXVariantGroup;
			children = (
				C729BA192703CA3F00AF6611 /* Base */,
			);
			name = Main.storyboard;
			sourceTree = "<group>";
		};
		C729BA1D2703CA4100AF6611 /* LaunchScreen.storyboard */ = {
			isa = PBXVariantGroup;
			children = (
				C729BA1E2703CA4100AF6611 /* Base */,
			);
			name = LaunchScreen.storyboard;
			sourceTree = "<group>";
		};
/* End PBXVariantGroup section */

/* Begin XCBuildConfiguration section */
		C729BA212703CA4100AF6611 /* Debug */ = {
			isa = XCBuildConfiguration;
			buildSettings = {
				ALWAYS_SEARCH_USER_PATHS = NO;
				CLANG_ANALYZER_NONNULL = YES;
				CLANG_ANALYZER_NUMBER_OBJECT_CONVERSION = YES_AGGRESSIVE;
				CLANG_CXX_LANGUAGE_STANDARD = "gnu++17";
				CLANG_CXX_LIBRARY = "libc++";
				CLANG_ENABLE_MODULES = YES;
				CLANG_ENABLE_OBJC_ARC = YES;
				CLANG_ENABLE_OBJC_WEAK = YES;
				CLANG_WARN_BLOCK_CAPTURE_AUTORELEASING = YES;
				CLANG_WARN_BOOL_CONVERSION = YES;
				CLANG_WARN_COMMA = YES;
				CLANG_WARN_CONSTANT_CONVERSION = YES;
				CLANG_WARN_DEPRECATED_OBJC_IMPLEMENTATIONS = YES;
				CLANG_WARN_DIRECT_OBJC_ISA_USAGE = YES_ERROR;
				CLANG_WARN_DOCUMENTATION_COMMENTS = YES;
				CLANG_WARN_EMPTY_BODY = YES;
				CLANG_WARN_ENUM_CONVERSION = YES;
				CLANG_WARN_INFINITE_RECURSION = YES;
				CLANG_WARN_INT_CONVERSION = YES;
				CLANG_WARN_NON_LITERAL_NULL_CONVERSION = YES;
				CLANG_WARN_OBJC_IMPLICIT_RETAIN_SELF = YES;
				CLANG_WARN_OBJC_LITERAL_CONVERSION = YES;
				CLANG_WARN_OBJC_ROOT_CLASS = YES_ERROR;
				CLANG_WARN_QUOTED_INCLUDE_IN_FRAMEWORK_HEADER = YES;
				CLANG_WARN_RANGE_LOOP_ANALYSIS = YES;
				CLANG_WARN_STRICT_PROTOTYPES = YES;
				CLANG_WARN_SUSPICIOUS_MOVE = YES;
				CLANG_WARN_UNGUARDED_AVAILABILITY = YES_AGGRESSIVE;
				CLANG_WARN_UNREACHABLE_CODE = YES;
				CLANG_WARN__DUPLICATE_METHOD_MATCH = YES;
				COPY_PHASE_STRIP = NO;
				DEBUG_INFORMATION_FORMAT = dwarf;
				ENABLE_STRICT_OBJC_MSGSEND = YES;
				ENABLE_TESTABILITY = YES;
				GCC_C_LANGUAGE_STANDARD = gnu11;
				GCC_DYNAMIC_NO_PIC = NO;
				GCC_NO_COMMON_BLOCKS = YES;
				GCC_OPTIMIZATION_LEVEL = 0;
				GCC_PREPROCESSOR_DEFINITIONS = (
					"DEBUG=1",
					"$(inherited)",
				);
				GCC_WARN_64_TO_32_BIT_CONVERSION = YES;
				GCC_WARN_ABOUT_RETURN_TYPE = YES_ERROR;
				GCC_WARN_UNDECLARED_SELECTOR = YES;
				GCC_WARN_UNINITIALIZED_AUTOS = YES_AGGRESSIVE;
				GCC_WARN_UNUSED_FUNCTION = YES;
				GCC_WARN_UNUSED_VARIABLE = YES;
				IPHONEOS_DEPLOYMENT_TARGET = 15.0;
				MTL_ENABLE_DEBUG_INFO = INCLUDE_SOURCE;
				MTL_FAST_MATH = YES;
				ONLY_ACTIVE_ARCH = YES;
				SDKROOT = iphoneos;
				SWIFT_ACTIVE_COMPILATION_CONDITIONS = DEBUG;
				SWIFT_OPTIMIZATION_LEVEL = "-Onone";
			};
			name = Debug;
		};
		C729BA222703CA4100AF6611 /* Release */ = {
			isa = XCBuildConfiguration;
			buildSettings = {
				ALWAYS_SEARCH_USER_PATHS = NO;
				CLANG_ANALYZER_NONNULL = YES;
				CLANG_ANALYZER_NUMBER_OBJECT_CONVERSION = YES_AGGRESSIVE;
				CLANG_CXX_LANGUAGE_STANDARD = "gnu++17";
				CLANG_CXX_LIBRARY = "libc++";
				CLANG_ENABLE_MODULES = YES;
				CLANG_ENABLE_OBJC_ARC = YES;
				CLANG_ENABLE_OBJC_WEAK = YES;
				CLANG_WARN_BLOCK_CAPTURE_AUTORELEASING = YES;
				CLANG_WARN_BOOL_CONVERSION = YES;
				CLANG_WARN_COMMA = YES;
				CLANG_WARN_CONSTANT_CONVERSION = YES;
				CLANG_WARN_DEPRECATED_OBJC_IMPLEMENTATIONS = YES;
				CLANG_WARN_DIRECT_OBJC_ISA_USAGE = YES_ERROR;
				CLANG_WARN_DOCUMENTATION_COMMENTS = YES;
				CLANG_WARN_EMPTY_BODY = YES;
				CLANG_WARN_ENUM_CONVERSION = YES;
				CLANG_WARN_INFINITE_RECURSION = YES;
				CLANG_WARN_INT_CONVERSION = YES;
				CLANG_WARN_NON_LITERAL_NULL_CONVERSION = YES;
				CLANG_WARN_OBJC_IMPLICIT_RETAIN_SELF = YES;
				CLANG_WARN_OBJC_LITERAL_CONVERSION = YES;
				CLANG_WARN_OBJC_ROOT_CLASS = YES_ERROR;
				CLANG_WARN_QUOTED_INCLUDE_IN_FRAMEWORK_HEADER = YES;
				CLANG_WARN_RANGE_LOOP_ANALYSIS = YES;
				CLANG_WARN_STRICT_PROTOTYPES = YES;
				CLANG_WARN_SUSPICIOUS_MOVE = YES;
				CLANG_WARN_UNGUARDED_AVAILABILITY = YES_AGGRESSIVE;
				CLANG_WARN_UNREACHABLE_CODE = YES;
				CLANG_WARN__DUPLICATE_METHOD_MATCH = YES;
				COPY_PHASE_STRIP = NO;
				DEBUG_INFORMATION_FORMAT = "dwarf-with-dsym";
				ENABLE_NS_ASSERTIONS = NO;
				ENABLE_STRICT_OBJC_MSGSEND = YES;
				GCC_C_LANGUAGE_STANDARD = gnu11;
				GCC_NO_COMMON_BLOCKS = YES;
				GCC_WARN_64_TO_32_BIT_CONVERSION = YES;
				GCC_WARN_ABOUT_RETURN_TYPE = YES_ERROR;
				GCC_WARN_UNDECLARED_SELECTOR = YES;
				GCC_WARN_UNINITIALIZED_AUTOS = YES_AGGRESSIVE;
				GCC_WARN_UNUSED_FUNCTION = YES;
				GCC_WARN_UNUSED_VARIABLE = YES;
				IPHONEOS_DEPLOYMENT_TARGET = 15.0;
				MTL_ENABLE_DEBUG_INFO = NO;
				MTL_FAST_MATH = YES;
				SDKROOT = iphoneos;
				SWIFT_COMPILATION_MODE = wholemodule;
				SWIFT_OPTIMIZATION_LEVEL = "-O";
				VALIDATE_PRODUCT = YES;
			};
			name = Release;
		};
		C729BA242703CA4100AF6611 /* Debug */ = {
			isa = XCBuildConfiguration;
			buildSettings = {
				ASSETCATALOG_COMPILER_APPICON_NAME = AppIcon;
				ASSETCATALOG_COMPILER_GLOBAL_ACCENT_COLOR_NAME = AccentColor;
				CODE_SIGN_STYLE = Automatic;
				CURRENT_PROJECT_VERSION = 1;
				DEVELOPMENT_TEAM = V636FA4NFP;
				GENERATE_INFOPLIST_FILE = YES;
				INFOPLIST_FILE = Storyboards_SwiftPackageManager/Info.plist;
				INFOPLIST_KEY_UIApplicationSupportsIndirectInputEvents = YES;
				INFOPLIST_KEY_UILaunchStoryboardName = LaunchScreen;
				INFOPLIST_KEY_UIMainStoryboardFile = Main;
				INFOPLIST_KEY_UISupportedInterfaceOrientations_iPad = "UIInterfaceOrientationPortrait UIInterfaceOrientationPortraitUpsideDown UIInterfaceOrientationLandscapeLeft UIInterfaceOrientationLandscapeRight";
				INFOPLIST_KEY_UISupportedInterfaceOrientations_iPhone = "UIInterfaceOrientationPortrait UIInterfaceOrientationLandscapeLeft UIInterfaceOrientationLandscapeRight";
				LD_RUNPATH_SEARCH_PATHS = (
					"$(inherited)",
					"@executable_path/Frameworks",
				);
				MARKETING_VERSION = 1.0;
				PRODUCT_BUNDLE_IDENTIFIER = app.anymo.Storyboards_SwiftPackageManager;
				PRODUCT_NAME = "$(TARGET_NAME)";
				SWIFT_EMIT_LOC_STRINGS = YES;
				SWIFT_VERSION = 5.0;
				TARGETED_DEVICE_FAMILY = "1,2";
			};
			name = Debug;
		};
		C729BA252703CA4100AF6611 /* Release */ = {
			isa = XCBuildConfiguration;
			buildSettings = {
				ASSETCATALOG_COMPILER_APPICON_NAME = AppIcon;
				ASSETCATALOG_COMPILER_GLOBAL_ACCENT_COLOR_NAME = AccentColor;
				CODE_SIGN_STYLE = Automatic;
				CURRENT_PROJECT_VERSION = 1;
				DEVELOPMENT_TEAM = V636FA4NFP;
				GENERATE_INFOPLIST_FILE = YES;
				INFOPLIST_FILE = Storyboards_SwiftPackageManager/Info.plist;
				INFOPLIST_KEY_UIApplicationSupportsIndirectInputEvents = YES;
				INFOPLIST_KEY_UILaunchStoryboardName = LaunchScreen;
				INFOPLIST_KEY_UIMainStoryboardFile = Main;
				INFOPLIST_KEY_UISupportedInterfaceOrientations_iPad = "UIInterfaceOrientationPortrait UIInterfaceOrientationPortraitUpsideDown UIInterfaceOrientationLandscapeLeft UIInterfaceOrientationLandscapeRight";
				INFOPLIST_KEY_UISupportedInterfaceOrientations_iPhone = "UIInterfaceOrientationPortrait UIInterfaceOrientationLandscapeLeft UIInterfaceOrientationLandscapeRight";
				LD_RUNPATH_SEARCH_PATHS = (
					"$(inherited)",
					"@executable_path/Frameworks",
				);
				MARKETING_VERSION = 1.0;
				PRODUCT_BUNDLE_IDENTIFIER = app.anymo.Storyboards_SwiftPackageManager;
				PRODUCT_NAME = "$(TARGET_NAME)";
				SWIFT_EMIT_LOC_STRINGS = YES;
				SWIFT_VERSION = 5.0;
				TARGETED_DEVICE_FAMILY = "1,2";
			};
			name = Release;
		};
/* End XCBuildConfiguration section */

/* Begin XCConfigurationList section */
		C729BA0A2703CA3F00AF6611 /* Build configuration list for PBXProject "Storyboards_SwiftPackageManager" */ = {
			isa = XCConfigurationList;
			buildConfigurations = (
				C729BA212703CA4100AF6611 /* Debug */,
				C729BA222703CA4100AF6611 /* Release */,
			);
			defaultConfigurationIsVisible = 0;
			defaultConfigurationName = Release;
		};
		C729BA232703CA4100AF6611 /* Build configuration list for PBXNativeTarget "Storyboards_SwiftPackageManager" */ = {
			isa = XCConfigurationList;
			buildConfigurations = (
				C729BA242703CA4100AF6611 /* Debug */,
				C729BA252703CA4100AF6611 /* Release */,
			);
			defaultConfigurationIsVisible = 0;
			defaultConfigurationName = Release;
		};
/* End XCConfigurationList section */

/* Begin XCRemoteSwiftPackageReference section */
		63521EB32822969100235A36 /* XCRemoteSwiftPackageReference "unflow-ios-sdk" */ = {
			isa = XCRemoteSwiftPackageReference;
			repositoryURL = "https://github.com/unflowhq/unflow-ios-sdk";
			requirement = {
				kind = upToNextMajorVersion;
				minimumVersion = 1.12.1;
			};
		};
/* End XCRemoteSwiftPackageReference section */

/* Begin XCSwiftPackageProductDependency section */
		63521EB42822969100235A36 /* Unflow */ = {
			isa = XCSwiftPackageProductDependency;
			package = 63521EB32822969100235A36 /* XCRemoteSwiftPackageReference "unflow-ios-sdk" */;
			productName = Unflow;
		};
/* End XCSwiftPackageProductDependency section */
	};
	rootObject = C729BA072703CA3F00AF6611 /* Project object */;
}
